// !$*UTF8*$!
{
	archiveVersion = 1;
	classes = {
	};
	objectVersion = 55;
	objects = {

/* Begin PBXBuildFile section */
		2BBCFE3D266FC9430009089D /* Three_Panel_ExampleApp.swift in Sources */ = {isa = PBXBuildFile; fileRef = 2BBCFE3C266FC9430009089D /* Three_Panel_ExampleApp.swift */; };
		2BBCFE3F266FC9430009089D /* ContentView.swift in Sources */ = {isa = PBXBuildFile; fileRef = 2BBCFE3E266FC9430009089D /* ContentView.swift */; };
		2BBCFE41266FC9450009089D /* Assets.xcassets in Resources */ = {isa = PBXBuildFile; fileRef = 2BBCFE40266FC9450009089D /* Assets.xcassets */; };
		2BBCFE44266FC9450009089D /* Preview Assets.xcassets in Resources */ = {isa = PBXBuildFile; fileRef = 2BBCFE43266FC9450009089D /* Preview Assets.xcassets */; };
		2BC3C597266FC9C3008D7AF9 /* View+toggleSidebar.swift in Sources */ = {isa = PBXBuildFile; fileRef = 2BC3C596266FC9C3008D7AF9 /* View+toggleSidebar.swift */; };
		2BC3C599266FCE80008D7AF9 /* CodeView.swift in Sources */ = {isa = PBXBuildFile; fileRef = 2BC3C598266FCE80008D7AF9 /* CodeView.swift */; };
		2BC3C59B266FCE93008D7AF9 /* LeftSidebarView.swift in Sources */ = {isa = PBXBuildFile; fileRef = 2BC3C59A266FCE93008D7AF9 /* LeftSidebarView.swift */; };
		2BC3C59D266FCEAE008D7AF9 /* InspectorView.swift in Sources */ = {isa = PBXBuildFile; fileRef = 2BC3C59C266FCEAE008D7AF9 /* InspectorView.swift */; };
/* End PBXBuildFile section */

/* Begin PBXFileReference section */
		2BBCFE39266FC9430009089D /* Three Panel Example.app */ = {isa = PBXFileReference; explicitFileType = wrapper.application; includeInIndex = 0; path = "Three Panel Example.app"; sourceTree = BUILT_PRODUCTS_DIR; };
		2BBCFE3C266FC9430009089D /* Three_Panel_ExampleApp.swift */ = {isa = PBXFileReference; lastKnownFileType = sourcecode.swift; path = Three_Panel_ExampleApp.swift; sourceTree = "<group>"; };
		2BBCFE3E266FC9430009089D /* ContentView.swift */ = {isa = PBXFileReference; lastKnownFileType = sourcecode.swift; path = ContentView.swift; sourceTree = "<group>"; };
		2BBCFE40266FC9450009089D /* Assets.xcassets */ = {isa = PBXFileReference; lastKnownFileType = folder.assetcatalog; path = Assets.xcassets; sourceTree = "<group>"; };
		2BBCFE43266FC9450009089D /* Preview Assets.xcassets */ = {isa = PBXFileReference; lastKnownFileType = folder.assetcatalog; path = "Preview Assets.xcassets"; sourceTree = "<group>"; };
		2BC3C596266FC9C3008D7AF9 /* View+toggleSidebar.swift */ = {isa = PBXFileReference; fileEncoding = 4; lastKnownFileType = sourcecode.swift; path = "View+toggleSidebar.swift"; sourceTree = "<group>"; };
		2BC3C598266FCE80008D7AF9 /* CodeView.swift */ = {isa = PBXFileReference; lastKnownFileType = sourcecode.swift; path = CodeView.swift; sourceTree = "<group>"; };
		2BC3C59A266FCE93008D7AF9 /* LeftSidebarView.swift */ = {isa = PBXFileReference; lastKnownFileType = sourcecode.swift; path = LeftSidebarView.swift; sourceTree = "<group>"; };
		2BC3C59C266FCEAE008D7AF9 /* InspectorView.swift */ = {isa = PBXFileReference; lastKnownFileType = sourcecode.swift; path = InspectorView.swift; sourceTree = "<group>"; };
/* End PBXFileReference section */

/* Begin PBXFrameworksBuildPhase section */
		2BBCFE36266FC9430009089D /* Frameworks */ = {
			isa = PBXFrameworksBuildPhase;
			buildActionMask = 2147483647;
			files = (
			);
			runOnlyForDeploymentPostprocessing = 0;
		};
/* End PBXFrameworksBuildPhase section */

/* Begin PBXGroup section */
		2BBCFE30266FC9430009089D = {
			isa = PBXGroup;
			children = (
				2BBCFE3B266FC9430009089D /* Three Panel Example */,
				2BBCFE3A266FC9430009089D /* Products */,
			);
			sourceTree = "<group>";
		};
		2BBCFE3A266FC9430009089D /* Products */ = {
			isa = PBXGroup;
			children = (
				2BBCFE39266FC9430009089D /* Three Panel Example.app */,
			);
			name = Products;
			sourceTree = "<group>";
		};
		2BBCFE3B266FC9430009089D /* Three Panel Example */ = {
			isa = PBXGroup;
			children = (
				2BC3C596266FC9C3008D7AF9 /* View+toggleSidebar.swift */,
				2BBCFE3C266FC9430009089D /* Three_Panel_ExampleApp.swift */,
				2BBCFE3E266FC9430009089D /* ContentView.swift */,
				2BC3C59A266FCE93008D7AF9 /* LeftSidebarView.swift */,
				2BC3C598266FCE80008D7AF9 /* CodeView.swift */,
				2BC3C59C266FCEAE008D7AF9 /* InspectorView.swift */,
				2BBCFE40266FC9450009089D /* Assets.xcassets */,
				2BBCFE42266FC9450009089D /* Preview Content */,
			);
			path = "Three Panel Example";
			sourceTree = "<group>";
		};
		2BBCFE42266FC9450009089D /* Preview Content */ = {
			isa = PBXGroup;
			children = (
				2BBCFE43266FC9450009089D /* Preview Assets.xcassets */,
			);
			path = "Preview Content";
			sourceTree = "<group>";
		};
/* End PBXGroup section */

/* Begin PBXNativeTarget section */
		2BBCFE38266FC9430009089D /* Three Panel Example */ = {
			isa = PBXNativeTarget;
			buildConfigurationList = 2BBCFE47266FC9450009089D /* Build configuration list for PBXNativeTarget "Three Panel Example" */;
			buildPhases = (
				2BBCFE35266FC9430009089D /* Sources */,
				2BBCFE36266FC9430009089D /* Frameworks */,
				2BBCFE37266FC9430009089D /* Resources */,
			);
			buildRules = (
			);
			dependencies = (
			);
			name = "Three Panel Example";
			productName = "Three Panel Example";
			productReference = 2BBCFE39266FC9430009089D /* Three Panel Example.app */;
			productType = "com.apple.product-type.application";
		};
/* End PBXNativeTarget section */

/* Begin PBXProject section */
		2BBCFE31266FC9430009089D /* Project object */ = {
			isa = PBXProject;
			attributes = {
				BuildIndependentTargetsInParallel = 1;
				LastSwiftUpdateCheck = 1300;
				LastUpgradeCheck = 1300;
				TargetAttributes = {
					2BBCFE38266FC9430009089D = {
						CreatedOnToolsVersion = 13.0;
					};
				};
			};
			buildConfigurationList = 2BBCFE34266FC9430009089D /* Build configuration list for PBXProject "Three Panel Example" */;
			compatibilityVersion = "Xcode 13.0";
			developmentRegion = en;
			hasScannedForEncodings = 0;
			knownRegions = (
				en,
				Base,
			);
			mainGroup = 2BBCFE30266FC9430009089D;
			productRefGroup = 2BBCFE3A266FC9430009089D /* Products */;
			projectDirPath = "";
			projectRoot = "";
			targets = (
				2BBCFE38266FC9430009089D /* Three Panel Example */,
			);
		};
/* End PBXProject section */

/* Begin PBXResourcesBuildPhase section */
		2BBCFE37266FC9430009089D /* Resources */ = {
			isa = PBXResourcesBuildPhase;
			buildActionMask = 2147483647;
			files = (
				2BBCFE44266FC9450009089D /* Preview Assets.xcassets in Resources */,
				2BBCFE41266FC9450009089D /* Assets.xcassets in Resources */,
			);
			runOnlyForDeploymentPostprocessing = 0;
		};
/* End PBXResourcesBuildPhase section */

/* Begin PBXSourcesBuildPhase section */
		2BBCFE35266FC9430009089D /* Sources */ = {
			isa = PBXSourcesBuildPhase;
			buildActionMask = 2147483647;
			files = (
				2BC3C59D266FCEAE008D7AF9 /* InspectorView.swift in Sources */,
				2BBCFE3F266FC9430009089D /* ContentView.swift in Sources */,
				2BC3C599266FCE80008D7AF9 /* CodeView.swift in Sources */,
				2BC3C597266FC9C3008D7AF9 /* View+toggleSidebar.swift in Sources */,
				2BC3C59B266FCE93008D7AF9 /* LeftSidebarView.swift in Sources */,
				2BBCFE3D266FC9430009089D /* Three_Panel_ExampleApp.swift in Sources */,
			);
			runOnlyForDeploymentPostprocessing = 0;
		};
/* End PBXSourcesBuildPhase section */

/* Begin XCBuildConfiguration section */
		2BBCFE45266FC9450009089D /* Debug */ = {
			isa = XCBuildConfiguration;
			buildSettings = {
				ALWAYS_SEARCH_USER_PATHS = NO;
				CLANG_ANALYZER_NONNULL = YES;
				CLANG_ANALYZER_NUMBER_OBJECT_CONVERSION = YES_AGGRESSIVE;
				CLANG_CXX_LANGUAGE_STANDARD = "gnu++14";
				CLANG_CXX_LIBRARY = "libc++";
				CLANG_ENABLE_MODULES = YES;
				CLANG_ENABLE_OBJC_ARC = YES;
				CLANG_ENABLE_OBJC_WEAK = YES;
				CLANG_WARN_BLOCK_CAPTURE_AUTORELEASING = YES;
				CLANG_WARN_BOOL_CONVERSION = YES;
				CLANG_WARN_COMMA = YES;
				CLANG_WARN_CONSTANT_CONVERSION = YES;
				CLANG_WARN_DEPRECATED_OBJC_IMPLEMENTATIONS = YES;
				CLANG_WARN_DIRECT_OBJC_ISA_USAGE = YES_ERROR;
				CLANG_WARN_DOCUMENTATION_COMMENTS = YES;
				CLANG_WARN_EMPTY_BODY = YES;
				CLANG_WARN_ENUM_CONVERSION = YES;
				CLANG_WARN_INFINITE_RECURSION = YES;
				CLANG_WARN_INT_CONVERSION = YES;
				CLANG_WARN_NON_LITERAL_NULL_CONVERSION = YES;
				CLANG_WARN_OBJC_IMPLICIT_RETAIN_SELF = YES;
				CLANG_WARN_OBJC_LITERAL_CONVERSION = YES;
				CLANG_WARN_OBJC_ROOT_CLASS = YES_ERROR;
				CLANG_WARN_QUOTED_INCLUDE_IN_FRAMEWORK_HEADER = YES;
				CLANG_WARN_RANGE_LOOP_ANALYSIS = YES;
				CLANG_WARN_STRICT_PROTOTYPES = YES;
				CLANG_WARN_SUSPICIOUS_MOVE = YES;
				CLANG_WARN_UNGUARDED_AVAILABILITY = YES_AGGRESSIVE;
				CLANG_WARN_UNREACHABLE_CODE = YES;
				CLANG_WARN__DUPLICATE_METHOD_MATCH = YES;
				COPY_PHASE_STRIP = NO;
				DEBUG_INFORMATION_FORMAT = dwarf;
				ENABLE_STRICT_OBJC_MSGSEND = YES;
				ENABLE_TESTABILITY = YES;
				GCC_C_LANGUAGE_STANDARD = gnu11;
				GCC_DYNAMIC_NO_PIC = NO;
				GCC_NO_COMMON_BLOCKS = YES;
				GCC_OPTIMIZATION_LEVEL = 0;
				GCC_PREPROCESSOR_DEFINITIONS = (
					"DEBUG=1",
					"$(inherited)",
				);
				GCC_WARN_64_TO_32_BIT_CONVERSION = YES;
				GCC_WARN_ABOUT_RETURN_TYPE = YES_ERROR;
				GCC_WARN_UNDECLARED_SELECTOR = YES;
				GCC_WARN_UNINITIALIZED_AUTOS = YES_AGGRESSIVE;
				GCC_WARN_UNUSED_FUNCTION = YES;
				GCC_WARN_UNUSED_VARIABLE = YES;
				MACOSX_DEPLOYMENT_TARGET = 11.4;
				MTL_ENABLE_DEBUG_INFO = INCLUDE_SOURCE;
				MTL_FAST_MATH = YES;
				ONLY_ACTIVE_ARCH = YES;
				SDKROOT = macosx;
				SWIFT_ACTIVE_COMPILATION_CONDITIONS = DEBUG;
				SWIFT_OPTIMIZATION_LEVEL = "-Onone";
			};
			name = Debug;
		};
		2BBCFE46266FC9450009089D /* Release */ = {
			isa = XCBuildConfiguration;
			buildSettings = {
				ALWAYS_SEARCH_USER_PATHS = NO;
				CLANG_ANALYZER_NONNULL = YES;
				CLANG_ANALYZER_NUMBER_OBJECT_CONVERSION = YES_AGGRESSIVE;
				CLANG_CXX_LANGUAGE_STANDARD = "gnu++14";
				CLANG_CXX_LIBRARY = "libc++";
				CLANG_ENABLE_MODULES = YES;
				CLANG_ENABLE_OBJC_ARC = YES;
				CLANG_ENABLE_OBJC_WEAK = YES;
				CLANG_WARN_BLOCK_CAPTURE_AUTORELEASING = YES;
				CLANG_WARN_BOOL_CONVERSION = YES;
				CLANG_WARN_COMMA = YES;
				CLANG_WARN_CONSTANT_CONVERSION = YES;
				CLANG_WARN_DEPRECATED_OBJC_IMPLEMENTATIONS = YES;
				CLANG_WARN_DIRECT_OBJC_ISA_USAGE = YES_ERROR;
				CLANG_WARN_DOCUMENTATION_COMMENTS = YES;
				CLANG_WARN_EMPTY_BODY = YES;
				CLANG_WARN_ENUM_CONVERSION = YES;
				CLANG_WARN_INFINITE_RECURSION = YES;
				CLANG_WARN_INT_CONVERSION = YES;
				CLANG_WARN_NON_LITERAL_NULL_CONVERSION = YES;
				CLANG_WARN_OBJC_IMPLICIT_RETAIN_SELF = YES;
				CLANG_WARN_OBJC_LITERAL_CONVERSION = YES;
				CLANG_WARN_OBJC_ROOT_CLASS = YES_ERROR;
				CLANG_WARN_QUOTED_INCLUDE_IN_FRAMEWORK_HEADER = YES;
				CLANG_WARN_RANGE_LOOP_ANALYSIS = YES;
				CLANG_WARN_STRICT_PROTOTYPES = YES;
				CLANG_WARN_SUSPICIOUS_MOVE = YES;
				CLANG_WARN_UNGUARDED_AVAILABILITY = YES_AGGRESSIVE;
				CLANG_WARN_UNREACHABLE_CODE = YES;
				CLANG_WARN__DUPLICATE_METHOD_MATCH = YES;
				COPY_PHASE_STRIP = NO;
				DEBUG_INFORMATION_FORMAT = "dwarf-with-dsym";
				ENABLE_NS_ASSERTIONS = NO;
				ENABLE_STRICT_OBJC_MSGSEND = YES;
				GCC_C_LANGUAGE_STANDARD = gnu11;
				GCC_NO_COMMON_BLOCKS = YES;
				GCC_WARN_64_TO_32_BIT_CONVERSION = YES;
				GCC_WARN_ABOUT_RETURN_TYPE = YES_ERROR;
				GCC_WARN_UNDECLARED_SELECTOR = YES;
				GCC_WARN_UNINITIALIZED_AUTOS = YES_AGGRESSIVE;
				GCC_WARN_UNUSED_FUNCTION = YES;
				GCC_WARN_UNUSED_VARIABLE = YES;
				MACOSX_DEPLOYMENT_TARGET = 11.4;
				MTL_ENABLE_DEBUG_INFO = NO;
				MTL_FAST_MATH = YES;
				SDKROOT = macosx;
				SWIFT_COMPILATION_MODE = wholemodule;
				SWIFT_OPTIMIZATION_LEVEL = "-O";
			};
			name = Release;
		};
		2BBCFE48266FC9450009089D /* Debug */ = {
			isa = XCBuildConfiguration;
			buildSettings = {
				ASSETCATALOG_COMPILER_APPICON_NAME = AppIcon;
				ASSETCATALOG_COMPILER_GLOBAL_ACCENT_COLOR_NAME = AccentColor;
				CODE_SIGN_STYLE = Automatic;
				COMBINE_HIDPI_IMAGES = YES;
				CURRENT_PROJECT_VERSION = 1;
				DEVELOPMENT_ASSET_PATHS = "\"Three Panel Example/Preview Content\"";
				ENABLE_APP_SANDBOX = YES;
				ENABLE_PREVIEWS = YES;
				ENABLE_USER_SELECTED_FILES = readonly;
				GENERATE_INFOPLIST_FILE = YES;
				INFOPLIST_KEY_NSHumanReadableCopyright = "";
				LD_RUNPATH_SEARCH_PATHS = (
					"$(inherited)",
					"@executable_path/../Frameworks",
				);
				MACOSX_DEPLOYMENT_TARGET = 11.0;
				MARKETING_VERSION = 1.0;
				PRODUCT_BUNDLE_IDENTIFIER = "org.breakthesystem.Three-Panel-Example";
				PRODUCT_NAME = "$(TARGET_NAME)";
				SWIFT_EMIT_LOC_STRINGS = YES;
				SWIFT_VERSION = 5.0;
			};
			name = Debug;
		};
		2BBCFE49266FC9450009089D /* Release */ = {
			isa = XCBuildConfiguration;
			buildSettings = {
				ASSETCATALOG_COMPILER_APPICON_NAME = AppIcon;
				ASSETCATALOG_COMPILER_GLOBAL_ACCENT_COLOR_NAME = AccentColor;
				CODE_SIGN_STYLE = Automatic;
				COMBINE_HIDPI_IMAGES = YES;
				CURRENT_PROJECT_VERSION = 1;
				DEVELOPMENT_ASSET_PATHS = "\"Three Panel Example/Preview Content\"";
				ENABLE_APP_SANDBOX = YES;
				ENABLE_PREVIEWS = YES;
				ENABLE_USER_SELECTED_FILES = readonly;
				GENERATE_INFOPLIST_FILE = YES;
				INFOPLIST_KEY_NSHumanReadableCopyright = "";
				LD_RUNPATH_SEARCH_PATHS = (
					"$(inherited)",
					"@executable_path/../Frameworks",
				);
				MACOSX_DEPLOYMENT_TARGET = 11.0;
				MARKETING_VERSION = 1.0;
				PRODUCT_BUNDLE_IDENTIFIER = "org.breakthesystem.Three-Panel-Example";
				PRODUCT_NAME = "$(TARGET_NAME)";
				SWIFT_EMIT_LOC_STRINGS = YES;
				SWIFT_VERSION = 5.0;
			};
			name = Release;
		};
/* End XCBuildConfiguration section */

/* Begin XCConfigurationList section */
		2BBCFE34266FC9430009089D /* Build configuration list for PBXProject "Three Panel Example" */ = {
			isa = XCConfigurationList;
			buildConfigurations = (
				2BBCFE45266FC9450009089D /* Debug */,
				2BBCFE46266FC9450009089D /* Release */,
			);
			defaultConfigurationIsVisible = 0;
			defaultConfigurationName = Release;
		};
		2BBCFE47266FC9450009089D /* Build configuration list for PBXNativeTarget "Three Panel Example" */ = {
			isa = XCConfigurationList;
			buildConfigurations = (
				2BBCFE48266FC9450009089D /* Debug */,
				2BBCFE49266FC9450009089D /* Release */,
			);
			defaultConfigurationIsVisible = 0;
			defaultConfigurationName = Release;
		};
/* End XCConfigurationList section */
	};
	rootObject = 2BBCFE31266FC9430009089D /* Project object */;
}
